
Microsoft Visual Studio Solution File, Format Version 12.00
# Visual Studio Version 17
VisualStudioVersion = 17.7.34031.279
MinimumVisualStudioVersion = 10.0.40219.1
Project("{FAE04EC0-301F-11D3-BF4B-00C04F79EFBC}") = "AprendiendoXaml", "AprendiendoXaml\AprendiendoXaml.csproj", "{479A91C0-BE44-4D8C-86C8-589DC4ED3DB6}"
EndProject
Global
	GlobalSection(SolutionConfigurationPlatforms) = preSolution
		Debug|Any CPU = Debug|Any CPU
		Release|Any CPU = Release|Any CPU
	EndGlobalSection
	GlobalSection(ProjectConfigurationPlatforms) = postSolution
		{479A91C0-BE44-4D8C-86C8-589DC4ED3DB6}.Debug|Any CPU.ActiveCfg = Debug|Any CPU
		{479A91C0-BE44-4D8C-86C8-589DC4ED3DB6}.Debug|Any CPU.Build.0 = Debug|Any CPU
		{479A91C0-BE44-4D8C-86C8-589DC4ED3DB6}.Release|Any CPU.ActiveCfg = Release|Any CPU
		{479A91C0-BE44-4D8C-86C8-589DC4ED3DB6}.Release|Any CPU.Build.0 = Release|Any CPU
	EndGlobalSection
	GlobalSection(SolutionProperties) = preSolution
		HideSolutionNode = FALSE
	EndGlobalSection
	GlobalSection(ExtensibilityGlobals) = postSolution
		SolutionGuid = {D1C03379-307D-4C92-B6E8-74CED5581C7F}
	EndGlobalSection
EndGlobal
